
Microsoft Visual Studio Solution File, Format Version 12.00
# Visual Studio Version 17
VisualStudioVersion = 17.3.32929.385
MinimumVisualStudioVersion = 10.0.40219.1
Project("{9A19103F-16F7-4668-BE54-9A1E7A4F7556}") = "TODOManager", "TODOManager\TODOManager.csproj", "{D8B176B5-E084-4ED3-BBDC-CD6718C52588}"
EndProject
Project("{FAE04EC0-301F-11D3-BF4B-00C04F79EFBC}") = "Test", "Test\Test.csproj", "{E0296016-1BBF-4FCB-8C24-4FEC1AF590F9}"
EndProject
Global
	GlobalSection(SolutionConfigurationPlatforms) = preSolution
		Debug|Any CPU = Debug|Any CPU
		Release|Any CPU = Release|Any CPU
	EndGlobalSection
	GlobalSection(ProjectConfigurationPlatforms) = postSolution
		{D8B176B5-E084-4ED3-BBDC-CD6718C52588}.Debug|Any CPU.ActiveCfg = Debug|Any CPU
		{D8B176B5-E084-4ED3-BBDC-CD6718C52588}.Debug|Any CPU.Build.0 = Debug|Any CPU
		{D8B176B5-E084-4ED3-BBDC-CD6718C52588}.Release|Any CPU.ActiveCfg = Release|Any CPU
		{D8B176B5-E084-4ED3-BBDC-CD6718C52588}.Release|Any CPU.Build.0 = Release|Any CPU
		{E0296016-1BBF-4FCB-8C24-4FEC1AF590F9}.Debug|Any CPU.ActiveCfg = Debug|Any CPU
		{E0296016-1BBF-4FCB-8C24-4FEC1AF590F9}.Debug|Any CPU.Build.0 = Debug|Any CPU
		{E0296016-1BBF-4FCB-8C24-4FEC1AF590F9}.Release|Any CPU.ActiveCfg = Release|Any CPU
		{E0296016-1BBF-4FCB-8C24-4FEC1AF590F9}.Release|Any CPU.Build.0 = Release|Any CPU
	EndGlobalSection
	GlobalSection(SolutionProperties) = preSolution
		HideSolutionNode = FALSE
	EndGlobalSection
	GlobalSection(ExtensibilityGlobals) = postSolution
		SolutionGuid = {14205E66-0449-48E3-A385-07F2D2A98918}
	EndGlobalSection
EndGlobal
